
Microsoft Visual Studio Solution File, Format Version 12.00
# Visual Studio Version 17
VisualStudioVersion = 17.8.34525.116
MinimumVisualStudioVersion = 10.0.40219.1
Project("{9A19103F-16F7-4668-BE54-9A1E7A4F7556}") = "DotUserReader", "DotUserReader.csproj", "{DEA9AEE9-73D1-48A7-AE52-07BD2E544FEC}"
EndProject
Project("{9A19103F-16F7-4668-BE54-9A1E7A4F7556}") = "RszTool", "..\RszTool\RszTool\RszTool.csproj", "{8631C296-0350-4202-B4DB-DCEBFD1C569E}"
EndProject
Global
	GlobalSection(SolutionConfigurationPlatforms) = preSolution
		Debug|Any CPU = Debug|Any CPU
		Release|Any CPU = Release|Any CPU
	EndGlobalSection
	GlobalSection(ProjectConfigurationPlatforms) = postSolution
		{DEA9AEE9-73D1-48A7-AE52-07BD2E544FEC}.Debug|Any CPU.ActiveCfg = Debug|Any CPU
		{DEA9AEE9-73D1-48A7-AE52-07BD2E544FEC}.Debug|Any CPU.Build.0 = Debug|Any CPU
		{DEA9AEE9-73D1-48A7-AE52-07BD2E544FEC}.Release|Any CPU.ActiveCfg = Release|Any CPU
		{DEA9AEE9-73D1-48A7-AE52-07BD2E544FEC}.Release|Any CPU.Build.0 = Release|Any CPU
		{8631C296-0350-4202-B4DB-DCEBFD1C569E}.Debug|Any CPU.ActiveCfg = Debug|Any CPU
		{8631C296-0350-4202-B4DB-DCEBFD1C569E}.Debug|Any CPU.Build.0 = Debug|Any CPU
		{8631C296-0350-4202-B4DB-DCEBFD1C569E}.Release|Any CPU.ActiveCfg = Release|Any CPU
		{8631C296-0350-4202-B4DB-DCEBFD1C569E}.Release|Any CPU.Build.0 = Release|Any CPU
	EndGlobalSection
	GlobalSection(SolutionProperties) = preSolution
		HideSolutionNode = FALSE
	EndGlobalSection
	GlobalSection(ExtensibilityGlobals) = postSolution
		SolutionGuid = {1513B046-C761-44AE-9041-502AA6EEBBC5}
	EndGlobalSection
EndGlobal
